
Microsoft Visual Studio Solution File, Format Version 12.00
# Visual Studio Version 16
VisualStudioVersion = 16.0.31702.278
MinimumVisualStudioVersion = 10.0.40219.1
Project("{9A19103F-16F7-4668-BE54-9A1E7A4F7556}") = "WebApiPersonas", "WebApiPersonas\WebApiPersonas.csproj", "{DE255A23-F70B-4B9B-AB29-15B5FA3D9CE1}"
EndProject
Project("{FAE04EC0-301F-11D3-BF4B-00C04F79EFBC}") = "SWMedicos", "SWMedicos\SWMedicos.csproj", "{B08492EC-1B96-4D43-B9B9-E26B53730759}"
EndProject
Project("{FAE04EC0-301F-11D3-BF4B-00C04F79EFBC}") = "WebApiEscuela", "WebApiEscuela\WebApiEscuela.csproj", "{1F4673DA-0DF6-4C5B-BD56-A7BF037DA4F5}"
EndProject
Global
	GlobalSection(SolutionConfigurationPlatforms) = preSolution
		Debug|Any CPU = Debug|Any CPU
		Release|Any CPU = Release|Any CPU
	EndGlobalSection
	GlobalSection(ProjectConfigurationPlatforms) = postSolution
		{DE255A23-F70B-4B9B-AB29-15B5FA3D9CE1}.Debug|Any CPU.ActiveCfg = Debug|Any CPU
		{DE255A23-F70B-4B9B-AB29-15B5FA3D9CE1}.Debug|Any CPU.Build.0 = Debug|Any CPU
		{DE255A23-F70B-4B9B-AB29-15B5FA3D9CE1}.Release|Any CPU.ActiveCfg = Release|Any CPU
		{DE255A23-F70B-4B9B-AB29-15B5FA3D9CE1}.Release|Any CPU.Build.0 = Release|Any CPU
		{B08492EC-1B96-4D43-B9B9-E26B53730759}.Debug|Any CPU.ActiveCfg = Debug|Any CPU
		{B08492EC-1B96-4D43-B9B9-E26B53730759}.Debug|Any CPU.Build.0 = Debug|Any CPU
		{B08492EC-1B96-4D43-B9B9-E26B53730759}.Release|Any CPU.ActiveCfg = Release|Any CPU
		{B08492EC-1B96-4D43-B9B9-E26B53730759}.Release|Any CPU.Build.0 = Release|Any CPU
		{1F4673DA-0DF6-4C5B-BD56-A7BF037DA4F5}.Debug|Any CPU.ActiveCfg = Debug|Any CPU
		{1F4673DA-0DF6-4C5B-BD56-A7BF037DA4F5}.Debug|Any CPU.Build.0 = Debug|Any CPU
		{1F4673DA-0DF6-4C5B-BD56-A7BF037DA4F5}.Release|Any CPU.ActiveCfg = Release|Any CPU
		{1F4673DA-0DF6-4C5B-BD56-A7BF037DA4F5}.Release|Any CPU.Build.0 = Release|Any CPU
	EndGlobalSection
	GlobalSection(SolutionProperties) = preSolution
		HideSolutionNode = FALSE
	EndGlobalSection
	GlobalSection(ExtensibilityGlobals) = postSolution
		SolutionGuid = {E58C242C-2DB9-4517-B6B7-057D6F68614C}
	EndGlobalSection
EndGlobal
